
Microsoft Visual Studio Solution File, Format Version 12.00
# Visual Studio Version 17
VisualStudioVersion = 17.4.33213.308
MinimumVisualStudioVersion = 10.0.40219.1
Project("{FAE04EC0-301F-11D3-BF4B-00C04F79EFBC}") = "AnimalManagementSystem", "AnimalManagementSystem\AnimalManagementSystem.csproj", "{CCA2EA0A-3DB1-4FBC-A583-23E198F2E204}"
EndProject
Project("{FAE04EC0-301F-11D3-BF4B-00C04F79EFBC}") = "AnimalHandling", "AnimalHandling\AnimalHandling.csproj", "{8000E839-361F-4415-B104-E4CE4436966B}"
EndProject
Global
	GlobalSection(SolutionConfigurationPlatforms) = preSolution
		Debug|Any CPU = Debug|Any CPU
		Release|Any CPU = Release|Any CPU
	EndGlobalSection
	GlobalSection(ProjectConfigurationPlatforms) = postSolution
		{CCA2EA0A-3DB1-4FBC-A583-23E198F2E204}.Debug|Any CPU.ActiveCfg = Debug|Any CPU
		{CCA2EA0A-3DB1-4FBC-A583-23E198F2E204}.Debug|Any CPU.Build.0 = Debug|Any CPU
		{CCA2EA0A-3DB1-4FBC-A583-23E198F2E204}.Release|Any CPU.ActiveCfg = Release|Any CPU
		{CCA2EA0A-3DB1-4FBC-A583-23E198F2E204}.Release|Any CPU.Build.0 = Release|Any CPU
		{8000E839-361F-4415-B104-E4CE4436966B}.Debug|Any CPU.ActiveCfg = Debug|Any CPU
		{8000E839-361F-4415-B104-E4CE4436966B}.Debug|Any CPU.Build.0 = Debug|Any CPU
		{8000E839-361F-4415-B104-E4CE4436966B}.Release|Any CPU.ActiveCfg = Release|Any CPU
		{8000E839-361F-4415-B104-E4CE4436966B}.Release|Any CPU.Build.0 = Release|Any CPU
	EndGlobalSection
	GlobalSection(SolutionProperties) = preSolution
		HideSolutionNode = FALSE
	EndGlobalSection
	GlobalSection(ExtensibilityGlobals) = postSolution
		SolutionGuid = {18CB71E6-95C2-4645-A8F7-808A3D2812E6}
	EndGlobalSection
EndGlobal
